
Microsoft Visual Studio Solution File, Format Version 12.00
# Visual Studio Version 16
VisualStudioVersion = 16.0.31729.503
MinimumVisualStudioVersion = 10.0.40219.1
Project("{8BC9CEB8-8B4A-11D0-8D11-00A0C91BC942}") = "numProduct", "numProduct\numProduct.vcxproj", "{1FC49483-964B-4957-9EF1-A0536AA05670}"
EndProject
Global
	GlobalSection(SolutionConfigurationPlatforms) = preSolution
		Debug|x64 = Debug|x64
		Debug|x86 = Debug|x86
		Release|x64 = Release|x64
		Release|x86 = Release|x86
	EndGlobalSection
	GlobalSection(ProjectConfigurationPlatforms) = postSolution
		{1FC49483-964B-4957-9EF1-A0536AA05670}.Debug|x64.ActiveCfg = Debug|x64
		{1FC49483-964B-4957-9EF1-A0536AA05670}.Debug|x64.Build.0 = Debug|x64
		{1FC49483-964B-4957-9EF1-A0536AA05670}.Debug|x86.ActiveCfg = Debug|Win32
		{1FC49483-964B-4957-9EF1-A0536AA05670}.Debug|x86.Build.0 = Debug|Win32
		{1FC49483-964B-4957-9EF1-A0536AA05670}.Release|x64.ActiveCfg = Release|x64
		{1FC49483-964B-4957-9EF1-A0536AA05670}.Release|x64.Build.0 = Release|x64
		{1FC49483-964B-4957-9EF1-A0536AA05670}.Release|x86.ActiveCfg = Release|Win32
		{1FC49483-964B-4957-9EF1-A0536AA05670}.Release|x86.Build.0 = Release|Win32
	EndGlobalSection
	GlobalSection(SolutionProperties) = preSolution
		HideSolutionNode = FALSE
	EndGlobalSection
	GlobalSection(ExtensibilityGlobals) = postSolution
		SolutionGuid = {E1C7D174-5BE6-4C9C-B7C7-7BBAE0F4F0C1}
	EndGlobalSection
EndGlobal
